
Microsoft Visual Studio Solution File, Format Version 12.00
# Visual Studio Version 17
VisualStudioVersion = 17.8.34408.163
MinimumVisualStudioVersion = 10.0.40219.1
Project("{9A19103F-16F7-4668-BE54-9A1E7A4F7556}") = "Lab2", "Lab2\Lab2.csproj", "{80354BFC-06C1-409B-840A-020D5DC6C3C6}"
EndProject
Project("{FAE04EC0-301F-11D3-BF4B-00C04F79EFBC}") = "TestLab2(part1)", "TestLab2(part1)\TestLab2(part1).csproj", "{05D18D58-0FF1-440A-AF9E-7A32A23D7CB9}"
EndProject
Global
	GlobalSection(SolutionConfigurationPlatforms) = preSolution
		Debug|Any CPU = Debug|Any CPU
		Release|Any CPU = Release|Any CPU
	EndGlobalSection
	GlobalSection(ProjectConfigurationPlatforms) = postSolution
		{80354BFC-06C1-409B-840A-020D5DC6C3C6}.Debug|Any CPU.ActiveCfg = Debug|Any CPU
		{80354BFC-06C1-409B-840A-020D5DC6C3C6}.Debug|Any CPU.Build.0 = Debug|Any CPU
		{80354BFC-06C1-409B-840A-020D5DC6C3C6}.Release|Any CPU.ActiveCfg = Release|Any CPU
		{80354BFC-06C1-409B-840A-020D5DC6C3C6}.Release|Any CPU.Build.0 = Release|Any CPU
		{05D18D58-0FF1-440A-AF9E-7A32A23D7CB9}.Debug|Any CPU.ActiveCfg = Debug|Any CPU
		{05D18D58-0FF1-440A-AF9E-7A32A23D7CB9}.Debug|Any CPU.Build.0 = Debug|Any CPU
		{05D18D58-0FF1-440A-AF9E-7A32A23D7CB9}.Release|Any CPU.ActiveCfg = Release|Any CPU
		{05D18D58-0FF1-440A-AF9E-7A32A23D7CB9}.Release|Any CPU.Build.0 = Release|Any CPU
	EndGlobalSection
	GlobalSection(SolutionProperties) = preSolution
		HideSolutionNode = FALSE
	EndGlobalSection
	GlobalSection(ExtensibilityGlobals) = postSolution
		SolutionGuid = {4B0B7AD3-CFCF-48EA-BD87-EB2666EE5845}
	EndGlobalSection
EndGlobal
